<?xml version="1.0" encoding="utf-8"?>
<Project ToolsVersion="4.0" xmlns="http://schemas.microsoft.com/developer/msbuild/2003">
  <ItemGroup>
    <Filter Include="Source Files">
      <UniqueIdentifier>{4FC737F1-C7A5-4376-A066-2A32D752A2FF}</UniqueIdentifier>
      <Extensions>cpp;c;cc;cxx;c++;cppm;ixx;def;odl;idl;hpj;bat;asm;asmx</Extensions>
    </Filter>
    <Filter Include="Header Files">
      <UniqueIdentifier>{93995380-89BD-4b04-88EB-625FBE52EBFB}</UniqueIdentifier>
      <Extensions>h;hh;hpp;hxx;h++;hm;inl;inc;ipp;xsd</Extensions>
    </Filter>
    <Filter Include="Resource Files">
      <UniqueIdentifier>{67DA6AB6-F800-4c08-8B7A-83BB121AAD01}</UniqueIdentifier>
      <Extensions>rc;ico;cur;bmp;dlg;rc2;rct;bin;rgs;gif;jpg;jpeg;jpe;resx;tiff;tif;png;wav;mfcribbon-ms</Extensions>
    </Filter>
    <Filter Include="Header Files\details">
      <UniqueIdentifier>{ff4dfd75-dd0d-4081-9786-65643fe31056}</UniqueIdentifier>
    </Filter>
    <Filter Include="Header Files\inc">
      <UniqueIdentifier>{dac305c0-567b-4f66-a34c-ac927310ec2b}</UniqueIdentifier>
    </Filter>
    <Filter Include="Header Files\static_tests">
      <UniqueIdentifier>{c06409ed-f36b-4958-955e-ca3b33e09496}</UniqueIdentifier>
    </Filter>
  </ItemGroup>
  <ItemGroup>
    <ClCompile Include="Source.cpp">
      <Filter>Source Files</Filter>
    </ClCompile>
  </ItemGroup>
  <ItemGroup>
    <ClInclude Include="inc\details\compressed_pair_details.hpp">
      <Filter>Header Files\details</Filter>
    </ClInclude>
    <ClInclude Include="inc\details\type_traits_details.hpp">
      <Filter>Header Files\details</Filter>
    </ClInclude>
    <ClInclude Include="inc\type_traits.hpp">
      <Filter>Header Files\inc</Filter>
    </ClInclude>
    <ClInclude Include="inc\compressed_pair.hpp">
      <Filter>Header Files\inc</Filter>
    </ClInclude>
    <ClInclude Include="inc\concepts.hpp">
      <Filter>Header Files\inc</Filter>
    </ClInclude>
    <ClInclude Include="inc\details\common.hpp">
      <Filter>Header Files\details</Filter>
    </ClInclude>
    <ClInclude Include="inc\static_tests\compressed_pair_static_tests.hpp">
      <Filter>Header Files\static_tests</Filter>
    </ClInclude>
    <ClInclude Include="inc\string.hpp">
      <Filter>Header Files\inc</Filter>
    </ClInclude>
    <ClInclude Include="inc\devector.hpp">
      <Filter>Header Files\inc</Filter>
    </ClInclude>
  </ItemGroup>
  <ItemGroup>
    <None Include="cpp.hint" />
  </ItemGroup>
  <ItemGroup>
    <Text Include="inc\utility.hpp">
      <Filter>Header Files\inc</Filter>
    </Text>
    <Text Include="inc\compare.hpp">
      <Filter>Header Files\inc</Filter>
    </Text>
  </ItemGroup>
</Project>